
Microsoft Visual Studio Solution File, Format Version 12.00
# Visual Studio Version 17
VisualStudioVersion = 17.8.34408.163
MinimumVisualStudioVersion = 10.0.40219.1
Project("{FAE04EC0-301F-11D3-BF4B-00C04F79EFBC}") = "TechCare", "TechCare\TechCare.csproj", "{D184DF50-7EC7-425E-AF92-6BDFF2C1ED50}"
EndProject
Global
	GlobalSection(SolutionConfigurationPlatforms) = preSolution
		Debug|Any CPU = Debug|Any CPU
		Release|Any CPU = Release|Any CPU
	EndGlobalSection
	GlobalSection(ProjectConfigurationPlatforms) = postSolution
		{D184DF50-7EC7-425E-AF92-6BDFF2C1ED50}.Debug|Any CPU.ActiveCfg = Debug|Any CPU
		{D184DF50-7EC7-425E-AF92-6BDFF2C1ED50}.Debug|Any CPU.Build.0 = Debug|Any CPU
		{D184DF50-7EC7-425E-AF92-6BDFF2C1ED50}.Release|Any CPU.ActiveCfg = Release|Any CPU
		{D184DF50-7EC7-425E-AF92-6BDFF2C1ED50}.Release|Any CPU.Build.0 = Release|Any CPU
	EndGlobalSection
	GlobalSection(SolutionProperties) = preSolution
		HideSolutionNode = FALSE
	EndGlobalSection
	GlobalSection(ExtensibilityGlobals) = postSolution
		SolutionGuid = {95C457B1-1B55-4448-A50D-B45EB06BEF2B}
	EndGlobalSection
EndGlobal
